// !$*UTF8*$!
{
	archiveVersion = 1;
	classes = {
	};
	objectVersion = 51;
	objects = {

/* Begin PBXBuildFile section */
		1148470124725EFC0056F146 /* PayPal.API.swift in Sources */ = {isa = PBXBuildFile; fileRef = 1148470024725EFC0056F146 /* PayPal.API.swift */; };
		114847062473181B0056F146 /* AccessToken.Request.swift in Sources */ = {isa = PBXBuildFile; fileRef = 114847052473181B0056F146 /* AccessToken.Request.swift */; };
		11660D2924744B27002A36F6 /* Amount.m in Sources */ = {isa = PBXBuildFile; fileRef = 11660D2824744B27002A36F6 /* Amount.m */; };
		11660D3024744D0A002A36F6 /* NSString+CurrencyCodes.m in Sources */ = {isa = PBXBuildFile; fileRef = 11660D2F24744D0A002A36F6 /* NSString+CurrencyCodes.m */; };
		11660D33247450AA002A36F6 /* CreateOrderEndpoint.m in Sources */ = {isa = PBXBuildFile; fileRef = 11660D32247450AA002A36F6 /* CreateOrderEndpoint.m */; };
		11660D3624745216002A36F6 /* CreateOrderResponse.m in Sources */ = {isa = PBXBuildFile; fileRef = 11660D3524745216002A36F6 /* CreateOrderResponse.m */; };
		11660D392474528C002A36F6 /* Link.m in Sources */ = {isa = PBXBuildFile; fileRef = 11660D382474528C002A36F6 /* Link.m */; };
		11944FCD2465E8FF00A44A07 /* AppDelegate.swift in Sources */ = {isa = PBXBuildFile; fileRef = 11944FCC2465E8FF00A44A07 /* AppDelegate.swift */; };
		11944FCF2465E8FF00A44A07 /* SceneDelegate.swift in Sources */ = {isa = PBXBuildFile; fileRef = 11944FCE2465E8FF00A44A07 /* SceneDelegate.swift */; };
		11944FD12465E8FF00A44A07 /* ViewController.swift in Sources */ = {isa = PBXBuildFile; fileRef = 11944FD02465E8FF00A44A07 /* ViewController.swift */; };
		11944FD42465E8FF00A44A07 /* Main.storyboard in Resources */ = {isa = PBXBuildFile; fileRef = 11944FD22465E8FF00A44A07 /* Main.storyboard */; };
		11944FD62465E90100A44A07 /* Assets.xcassets in Resources */ = {isa = PBXBuildFile; fileRef = 11944FD52465E90100A44A07 /* Assets.xcassets */; };
		11944FD92465E90100A44A07 /* LaunchScreen.storyboard in Resources */ = {isa = PBXBuildFile; fileRef = 11944FD72465E90100A44A07 /* LaunchScreen.storyboard */; };
		11B0D90624731B8E00E5F08C /* AccessToken.Response.swift in Sources */ = {isa = PBXBuildFile; fileRef = 11B0D90524731B8E00E5F08C /* AccessToken.Response.swift */; };
		11B0D90F247325A400E5F08C /* Order.Models.swift in Sources */ = {isa = PBXBuildFile; fileRef = 11B0D90E247325A400E5F08C /* Order.Models.swift */; };
		11B0D911247325B100E5F08C /* CreateOrder.Request.swift in Sources */ = {isa = PBXBuildFile; fileRef = 11B0D910247325B100E5F08C /* CreateOrder.Request.swift */; };
		11B0D91324732B1E00E5F08C /* CreateOrder.Response.swift in Sources */ = {isa = PBXBuildFile; fileRef = 11B0D91224732B1E00E5F08C /* CreateOrder.Response.swift */; };
		11B0D929247352EF00E5F08C /* AppDelegate.m in Sources */ = {isa = PBXBuildFile; fileRef = 11B0D928247352EF00E5F08C /* AppDelegate.m */; };
		11B0D92C247352EF00E5F08C /* SceneDelegate.m in Sources */ = {isa = PBXBuildFile; fileRef = 11B0D92B247352EF00E5F08C /* SceneDelegate.m */; };
		11B0D92F247352EF00E5F08C /* ViewController.m in Sources */ = {isa = PBXBuildFile; fileRef = 11B0D92E247352EF00E5F08C /* ViewController.m */; };
		11B0D932247352EF00E5F08C /* Main.storyboard in Resources */ = {isa = PBXBuildFile; fileRef = 11B0D930247352EF00E5F08C /* Main.storyboard */; };
		11B0D934247352F000E5F08C /* Assets.xcassets in Resources */ = {isa = PBXBuildFile; fileRef = 11B0D933247352F000E5F08C /* Assets.xcassets */; };
		11B0D937247352F000E5F08C /* LaunchScreen.storyboard in Resources */ = {isa = PBXBuildFile; fileRef = 11B0D935247352F000E5F08C /* LaunchScreen.storyboard */; };
		11B0D93A247352F000E5F08C /* main.m in Sources */ = {isa = PBXBuildFile; fileRef = 11B0D939247352F000E5F08C /* main.m */; };
		11B0D9462473558C00E5F08C /* PayPalAPI.m in Sources */ = {isa = PBXBuildFile; fileRef = 11B0D9452473558C00E5F08C /* PayPalAPI.m */; };
		11B0D94B247359C300E5F08C /* FetchAccessTokenEndpoint.m in Sources */ = {isa = PBXBuildFile; fileRef = 11B0D94A247359C300E5F08C /* FetchAccessTokenEndpoint.m */; };
		11B0D94F24735DAE00E5F08C /* FetchAccessTokenRequest.m in Sources */ = {isa = PBXBuildFile; fileRef = 11B0D94E24735DAE00E5F08C /* FetchAccessTokenRequest.m */; };
		11B0D9522473616F00E5F08C /* CreateOrderRequest.m in Sources */ = {isa = PBXBuildFile; fileRef = 11B0D9512473616F00E5F08C /* CreateOrderRequest.m */; };
		11B0D9592473627E00E5F08C /* PurchaseUnit.m in Sources */ = {isa = PBXBuildFile; fileRef = 11B0D9582473627E00E5F08C /* PurchaseUnit.m */; };
		11B0D95D24736DFE00E5F08C /* AccessTokenResponse.m in Sources */ = {isa = PBXBuildFile; fileRef = 11B0D95C24736DFE00E5F08C /* AccessTokenResponse.m */; };
		11D8A49C2475F0DA0013FDF1 /* PayPalPartnerAuth.framework in Frameworks */ = {isa = PBXBuildFile; fileRef = 11D8A49B2475F0DA0013FDF1 /* PayPalPartnerAuth.framework */; };
		11D8A4A42476F7F30013FDF1 /* PayPalCheckout.framework in Frameworks */ = {isa = PBXBuildFile; fileRef = 11D8A4A22476F7E20013FDF1 /* PayPalCheckout.framework */; };
		11D8A4A52476F7F30013FDF1 /* PayPalCheckout.framework in CopyFiles */ = {isa = PBXBuildFile; fileRef = 11D8A4A22476F7E20013FDF1 /* PayPalCheckout.framework */; settings = {ATTRIBUTES = (CodeSignOnCopy, RemoveHeadersOnCopy, ); }; };
		FC1A91E3E4C01BFE0968D01D /* Pods_PayPalCheckout_Samples_iOS_Objc.framework in Frameworks */ = {isa = PBXBuildFile; fileRef = CB3ADD5E457C8D04F331483C /* Pods_PayPalCheckout_Samples_iOS_Objc.framework */; };
/* End PBXBuildFile section */

/* Begin PBXCopyFilesBuildPhase section */
		114846F4247259FC0056F146 /* CopyFiles */ = {
			isa = PBXCopyFilesBuildPhase;
			buildActionMask = 2147483647;
			dstPath = "";
			dstSubfolderSpec = 10;
			files = (
				11D8A4A52476F7F30013FDF1 /* PayPalCheckout.framework in CopyFiles */,
			);
			runOnlyForDeploymentPostprocessing = 0;
		};
		11B0D9402473549D00E5F08C /* Embed Frameworks */ = {
			isa = PBXCopyFilesBuildPhase;
			buildActionMask = 2147483647;
			dstPath = "";
			dstSubfolderSpec = 10;
			files = (
			);
			name = "Embed Frameworks";
			runOnlyForDeploymentPostprocessing = 0;
		};
/* End PBXCopyFilesBuildPhase section */

/* Begin PBXFileReference section */
		1148470024725EFC0056F146 /* PayPal.API.swift */ = {isa = PBXFileReference; lastKnownFileType = sourcecode.swift; path = PayPal.API.swift; sourceTree = "<group>"; };
		114847052473181B0056F146 /* AccessToken.Request.swift */ = {isa = PBXFileReference; lastKnownFileType = sourcecode.swift; path = AccessToken.Request.swift; sourceTree = "<group>"; };
		11660D2724744B27002A36F6 /* Amount.h */ = {isa = PBXFileReference; lastKnownFileType = sourcecode.c.h; path = Amount.h; sourceTree = "<group>"; };
		11660D2824744B27002A36F6 /* Amount.m */ = {isa = PBXFileReference; lastKnownFileType = sourcecode.c.objc; path = Amount.m; sourceTree = "<group>"; };
		11660D2E24744D0A002A36F6 /* NSString+CurrencyCodes.h */ = {isa = PBXFileReference; lastKnownFileType = sourcecode.c.h; path = "NSString+CurrencyCodes.h"; sourceTree = "<group>"; };
		11660D2F24744D0A002A36F6 /* NSString+CurrencyCodes.m */ = {isa = PBXFileReference; lastKnownFileType = sourcecode.c.objc; path = "NSString+CurrencyCodes.m"; sourceTree = "<group>"; };
		11660D31247450AA002A36F6 /* CreateOrderEndpoint.h */ = {isa = PBXFileReference; lastKnownFileType = sourcecode.c.h; path = CreateOrderEndpoint.h; sourceTree = "<group>"; };
		11660D32247450AA002A36F6 /* CreateOrderEndpoint.m */ = {isa = PBXFileReference; lastKnownFileType = sourcecode.c.objc; path = CreateOrderEndpoint.m; sourceTree = "<group>"; };
		11660D3424745216002A36F6 /* CreateOrderResponse.h */ = {isa = PBXFileReference; lastKnownFileType = sourcecode.c.h; path = CreateOrderResponse.h; sourceTree = "<group>"; };
		11660D3524745216002A36F6 /* CreateOrderResponse.m */ = {isa = PBXFileReference; lastKnownFileType = sourcecode.c.objc; path = CreateOrderResponse.m; sourceTree = "<group>"; };
		11660D372474528C002A36F6 /* Link.h */ = {isa = PBXFileReference; lastKnownFileType = sourcecode.c.h; path = Link.h; sourceTree = "<group>"; };
		11660D382474528C002A36F6 /* Link.m */ = {isa = PBXFileReference; lastKnownFileType = sourcecode.c.objc; path = Link.m; sourceTree = "<group>"; };
		11660D4124749127002A36F6 /* README.md */ = {isa = PBXFileReference; lastKnownFileType = net.daringfireball.markdown; path = README.md; sourceTree = "<group>"; };
		11944FC92465E8FF00A44A07 /* PayPalCheckout-Samples-iOS.app */ = {isa = PBXFileReference; explicitFileType = wrapper.application; includeInIndex = 0; path = "PayPalCheckout-Samples-iOS.app"; sourceTree = BUILT_PRODUCTS_DIR; };
		11944FCC2465E8FF00A44A07 /* AppDelegate.swift */ = {isa = PBXFileReference; lastKnownFileType = sourcecode.swift; path = AppDelegate.swift; sourceTree = "<group>"; };
		11944FCE2465E8FF00A44A07 /* SceneDelegate.swift */ = {isa = PBXFileReference; lastKnownFileType = sourcecode.swift; path = SceneDelegate.swift; sourceTree = "<group>"; };
		11944FD02465E8FF00A44A07 /* ViewController.swift */ = {isa = PBXFileReference; lastKnownFileType = sourcecode.swift; path = ViewController.swift; sourceTree = "<group>"; };
		11944FD32465E8FF00A44A07 /* Base */ = {isa = PBXFileReference; lastKnownFileType = file.storyboard; name = Base; path = Base.lproj/Main.storyboard; sourceTree = "<group>"; };
		11944FD52465E90100A44A07 /* Assets.xcassets */ = {isa = PBXFileReference; lastKnownFileType = folder.assetcatalog; path = Assets.xcassets; sourceTree = "<group>"; };
		11944FD82465E90100A44A07 /* Base */ = {isa = PBXFileReference; lastKnownFileType = file.storyboard; name = Base; path = Base.lproj/LaunchScreen.storyboard; sourceTree = "<group>"; };
		11944FDA2465E90100A44A07 /* Info.plist */ = {isa = PBXFileReference; lastKnownFileType = text.plist.xml; path = Info.plist; sourceTree = "<group>"; };
		11B0D90524731B8E00E5F08C /* AccessToken.Response.swift */ = {isa = PBXFileReference; lastKnownFileType = sourcecode.swift; path = AccessToken.Response.swift; sourceTree = "<group>"; };
		11B0D90E247325A400E5F08C /* Order.Models.swift */ = {isa = PBXFileReference; lastKnownFileType = sourcecode.swift; path = Order.Models.swift; sourceTree = "<group>"; };
		11B0D910247325B100E5F08C /* CreateOrder.Request.swift */ = {isa = PBXFileReference; lastKnownFileType = sourcecode.swift; path = CreateOrder.Request.swift; sourceTree = "<group>"; };
		11B0D91224732B1E00E5F08C /* CreateOrder.Response.swift */ = {isa = PBXFileReference; lastKnownFileType = sourcecode.swift; path = CreateOrder.Response.swift; sourceTree = "<group>"; };
		11B0D925247352EF00E5F08C /* PayPalCheckout-Samples-iOS-Objc.app */ = {isa = PBXFileReference; explicitFileType = wrapper.application; includeInIndex = 0; path = "PayPalCheckout-Samples-iOS-Objc.app"; sourceTree = BUILT_PRODUCTS_DIR; };
		11B0D927247352EF00E5F08C /* AppDelegate.h */ = {isa = PBXFileReference; lastKnownFileType = sourcecode.c.h; path = AppDelegate.h; sourceTree = "<group>"; };
		11B0D928247352EF00E5F08C /* AppDelegate.m */ = {isa = PBXFileReference; lastKnownFileType = sourcecode.c.objc; path = AppDelegate.m; sourceTree = "<group>"; };
		11B0D92A247352EF00E5F08C /* SceneDelegate.h */ = {isa = PBXFileReference; lastKnownFileType = sourcecode.c.h; path = SceneDelegate.h; sourceTree = "<group>"; };
		11B0D92B247352EF00E5F08C /* SceneDelegate.m */ = {isa = PBXFileReference; lastKnownFileType = sourcecode.c.objc; path = SceneDelegate.m; sourceTree = "<group>"; };
		11B0D92D247352EF00E5F08C /* ViewController.h */ = {isa = PBXFileReference; lastKnownFileType = sourcecode.c.h; path = ViewController.h; sourceTree = "<group>"; };
		11B0D92E247352EF00E5F08C /* ViewController.m */ = {isa = PBXFileReference; lastKnownFileType = sourcecode.c.objc; path = ViewController.m; sourceTree = "<group>"; };
		11B0D931247352EF00E5F08C /* Base */ = {isa = PBXFileReference; lastKnownFileType = file.storyboard; name = Base; path = Base.lproj/Main.storyboard; sourceTree = "<group>"; };
		11B0D933247352F000E5F08C /* Assets.xcassets */ = {isa = PBXFileReference; lastKnownFileType = folder.assetcatalog; path = Assets.xcassets; sourceTree = "<group>"; };
		11B0D936247352F000E5F08C /* Base */ = {isa = PBXFileReference; lastKnownFileType = file.storyboard; name = Base; path = Base.lproj/LaunchScreen.storyboard; sourceTree = "<group>"; };
		11B0D938247352F000E5F08C /* Info.plist */ = {isa = PBXFileReference; lastKnownFileType = text.plist.xml; path = Info.plist; sourceTree = "<group>"; };
		11B0D939247352F000E5F08C /* main.m */ = {isa = PBXFileReference; lastKnownFileType = sourcecode.c.objc; path = main.m; sourceTree = "<group>"; };
		11B0D9442473558C00E5F08C /* PayPalAPI.h */ = {isa = PBXFileReference; lastKnownFileType = sourcecode.c.h; path = PayPalAPI.h; sourceTree = "<group>"; };
		11B0D9452473558C00E5F08C /* PayPalAPI.m */ = {isa = PBXFileReference; lastKnownFileType = sourcecode.c.objc; path = PayPalAPI.m; sourceTree = "<group>"; };
		11B0D949247359C300E5F08C /* FetchAccessTokenEndpoint.h */ = {isa = PBXFileReference; lastKnownFileType = sourcecode.c.h; path = FetchAccessTokenEndpoint.h; sourceTree = "<group>"; };
		11B0D94A247359C300E5F08C /* FetchAccessTokenEndpoint.m */ = {isa = PBXFileReference; lastKnownFileType = sourcecode.c.objc; path = FetchAccessTokenEndpoint.m; sourceTree = "<group>"; };
		11B0D94D24735DAE00E5F08C /* FetchAccessTokenRequest.h */ = {isa = PBXFileReference; lastKnownFileType = sourcecode.c.h; path = FetchAccessTokenRequest.h; sourceTree = "<group>"; };
		11B0D94E24735DAE00E5F08C /* FetchAccessTokenRequest.m */ = {isa = PBXFileReference; lastKnownFileType = sourcecode.c.objc; path = FetchAccessTokenRequest.m; sourceTree = "<group>"; };
		11B0D9502473616F00E5F08C /* CreateOrderRequest.h */ = {isa = PBXFileReference; lastKnownFileType = sourcecode.c.h; path = CreateOrderRequest.h; sourceTree = "<group>"; };
		11B0D9512473616F00E5F08C /* CreateOrderRequest.m */ = {isa = PBXFileReference; lastKnownFileType = sourcecode.c.objc; path = CreateOrderRequest.m; sourceTree = "<group>"; };
		11B0D9572473627E00E5F08C /* PurchaseUnit.h */ = {isa = PBXFileReference; lastKnownFileType = sourcecode.c.h; path = PurchaseUnit.h; sourceTree = "<group>"; };
		11B0D9582473627E00E5F08C /* PurchaseUnit.m */ = {isa = PBXFileReference; lastKnownFileType = sourcecode.c.objc; path = PurchaseUnit.m; sourceTree = "<group>"; };
		11B0D95B24736DFE00E5F08C /* AccessTokenResponse.h */ = {isa = PBXFileReference; lastKnownFileType = sourcecode.c.h; path = AccessTokenResponse.h; sourceTree = "<group>"; };
		11B0D95C24736DFE00E5F08C /* AccessTokenResponse.m */ = {isa = PBXFileReference; lastKnownFileType = sourcecode.c.objc; path = AccessTokenResponse.m; sourceTree = "<group>"; };
		11D8A49B2475F0DA0013FDF1 /* PayPalPartnerAuth.framework */ = {isa = PBXFileReference; lastKnownFileType = wrapper.framework; name = PayPalPartnerAuth.framework; path = Carthage/Build/iOS/PayPalPartnerAuth.framework; sourceTree = SOURCE_ROOT; };
		11D8A4A22476F7E20013FDF1 /* PayPalCheckout.framework */ = {isa = PBXFileReference; lastKnownFileType = wrapper.framework; name = PayPalCheckout.framework; path = Carthage/Build/iOS/PayPalCheckout.framework; sourceTree = SOURCE_ROOT; };
		1C648E7044BED546A0451B03 /* Pods-PayPalCheckout-Samples-iOS-Objc.release.xcconfig */ = {isa = PBXFileReference; includeInIndex = 1; lastKnownFileType = text.xcconfig; name = "Pods-PayPalCheckout-Samples-iOS-Objc.release.xcconfig"; path = "Target Support Files/Pods-PayPalCheckout-Samples-iOS-Objc/Pods-PayPalCheckout-Samples-iOS-Objc.release.xcconfig"; sourceTree = "<group>"; };
		2CBA356B173FA8308DF75D9C /* Pods-PayPalCheckout-Samples-iOS.release.xcconfig */ = {isa = PBXFileReference; includeInIndex = 1; lastKnownFileType = text.xcconfig; name = "Pods-PayPalCheckout-Samples-iOS.release.xcconfig"; path = "Target Support Files/Pods-PayPalCheckout-Samples-iOS/Pods-PayPalCheckout-Samples-iOS.release.xcconfig"; sourceTree = "<group>"; };
		66342550E6B085416FB938DC /* Pods-PayPalCheckout-Samples-iOS-Objc.debug.xcconfig */ = {isa = PBXFileReference; includeInIndex = 1; lastKnownFileType = text.xcconfig; name = "Pods-PayPalCheckout-Samples-iOS-Objc.debug.xcconfig"; path = "Target Support Files/Pods-PayPalCheckout-Samples-iOS-Objc/Pods-PayPalCheckout-Samples-iOS-Objc.debug.xcconfig"; sourceTree = "<group>"; };
		82F0C8AEC242CDBB78658CD9 /* Pods_PayPalCheckout_Samples_iOS.framework */ = {isa = PBXFileReference; explicitFileType = wrapper.framework; includeInIndex = 0; path = Pods_PayPalCheckout_Samples_iOS.framework; sourceTree = BUILT_PRODUCTS_DIR; };
		CB3ADD5E457C8D04F331483C /* Pods_PayPalCheckout_Samples_iOS_Objc.framework */ = {isa = PBXFileReference; explicitFileType = wrapper.framework; includeInIndex = 0; path = Pods_PayPalCheckout_Samples_iOS_Objc.framework; sourceTree = BUILT_PRODUCTS_DIR; };
		DB14453A4019C1154E99838C /* Pods-PayPalCheckout-Samples-iOS.debug.xcconfig */ = {isa = PBXFileReference; includeInIndex = 1; lastKnownFileType = text.xcconfig; name = "Pods-PayPalCheckout-Samples-iOS.debug.xcconfig"; path = "Target Support Files/Pods-PayPalCheckout-Samples-iOS/Pods-PayPalCheckout-Samples-iOS.debug.xcconfig"; sourceTree = "<group>"; };
/* End PBXFileReference section */

/* Begin PBXFrameworksBuildPhase section */
		11944FC62465E8FF00A44A07 /* Frameworks */ = {
			isa = PBXFrameworksBuildPhase;
			buildActionMask = 2147483647;
			files = (
				11D8A49C2475F0DA0013FDF1 /* PayPalPartnerAuth.framework in Frameworks */,
				11D8A4A42476F7F30013FDF1 /* PayPalCheckout.framework in Frameworks */,
			);
			runOnlyForDeploymentPostprocessing = 0;
		};
		11B0D922247352EF00E5F08C /* Frameworks */ = {
			isa = PBXFrameworksBuildPhase;
			buildActionMask = 2147483647;
			files = (
				FC1A91E3E4C01BFE0968D01D /* Pods_PayPalCheckout_Samples_iOS_Objc.framework in Frameworks */,
			);
			runOnlyForDeploymentPostprocessing = 0;
		};
/* End PBXFrameworksBuildPhase section */

/* Begin PBXGroup section */
		11484702247317E80056F146 /* API */ = {
			isa = PBXGroup;
			children = (
				1148470024725EFC0056F146 /* PayPal.API.swift */,
				11B0D90D2473259C00E5F08C /* Models */,
				11484703247317F30056F146 /* Requests */,
				11484704247317F70056F146 /* Responses */,
			);
			path = API;
			sourceTree = "<group>";
		};
		11484703247317F30056F146 /* Requests */ = {
			isa = PBXGroup;
			children = (
				114847052473181B0056F146 /* AccessToken.Request.swift */,
				11B0D910247325B100E5F08C /* CreateOrder.Request.swift */,
			);
			path = Requests;
			sourceTree = "<group>";
		};
		11484704247317F70056F146 /* Responses */ = {
			isa = PBXGroup;
			children = (
				11B0D90524731B8E00E5F08C /* AccessToken.Response.swift */,
				11B0D91224732B1E00E5F08C /* CreateOrder.Response.swift */,
			);
			path = Responses;
			sourceTree = "<group>";
		};
		11944FC02465E8FF00A44A07 = {
			isa = PBXGroup;
			children = (
				11660D4124749127002A36F6 /* README.md */,
				11B0D91624734B4900E5F08C /* Dependencies */,
				11944FCB2465E8FF00A44A07 /* PayPalCheckout-Samples-iOS */,
				11B0D926247352EF00E5F08C /* PayPalCheckout-Samples-iOS-Objc */,
				11944FCA2465E8FF00A44A07 /* Products */,
				33A27C84E7CC7B9085D00A2C /* Pods */,
				848FA60AB198F53333C4F106 /* Frameworks */,
			);
			sourceTree = "<group>";
		};
		11944FCA2465E8FF00A44A07 /* Products */ = {
			isa = PBXGroup;
			children = (
				11944FC92465E8FF00A44A07 /* PayPalCheckout-Samples-iOS.app */,
				11B0D925247352EF00E5F08C /* PayPalCheckout-Samples-iOS-Objc.app */,
			);
			name = Products;
			sourceTree = "<group>";
		};
		11944FCB2465E8FF00A44A07 /* PayPalCheckout-Samples-iOS */ = {
			isa = PBXGroup;
			children = (
				11484702247317E80056F146 /* API */,
				11944FCC2465E8FF00A44A07 /* AppDelegate.swift */,
				11944FCE2465E8FF00A44A07 /* SceneDelegate.swift */,
				11944FD02465E8FF00A44A07 /* ViewController.swift */,
				11944FD22465E8FF00A44A07 /* Main.storyboard */,
				11944FD52465E90100A44A07 /* Assets.xcassets */,
				11944FD72465E90100A44A07 /* LaunchScreen.storyboard */,
				11944FDA2465E90100A44A07 /* Info.plist */,
			);
			path = "PayPalCheckout-Samples-iOS";
			sourceTree = "<group>";
		};
		11B0D90D2473259C00E5F08C /* Models */ = {
			isa = PBXGroup;
			children = (
				11B0D90E247325A400E5F08C /* Order.Models.swift */,
			);
			path = Models;
			sourceTree = "<group>";
		};
		11B0D91624734B4900E5F08C /* Dependencies */ = {
			isa = PBXGroup;
			children = (
				11D8A4A22476F7E20013FDF1 /* PayPalCheckout.framework */,
				11D8A49B2475F0DA0013FDF1 /* PayPalPartnerAuth.framework */,
			);
			path = Dependencies;
			sourceTree = "<group>";
		};
		11B0D926247352EF00E5F08C /* PayPalCheckout-Samples-iOS-Objc */ = {
			isa = PBXGroup;
			children = (
				11B0D943247354C200E5F08C /* API */,
				11B0D927247352EF00E5F08C /* AppDelegate.h */,
				11B0D928247352EF00E5F08C /* AppDelegate.m */,
				11B0D92A247352EF00E5F08C /* SceneDelegate.h */,
				11B0D92B247352EF00E5F08C /* SceneDelegate.m */,
				11B0D92D247352EF00E5F08C /* ViewController.h */,
				11B0D92E247352EF00E5F08C /* ViewController.m */,
				11B0D930247352EF00E5F08C /* Main.storyboard */,
				11B0D933247352F000E5F08C /* Assets.xcassets */,
				11B0D935247352F000E5F08C /* LaunchScreen.storyboard */,
				11B0D938247352F000E5F08C /* Info.plist */,
				11B0D939247352F000E5F08C /* main.m */,
			);
			path = "PayPalCheckout-Samples-iOS-Objc";
			sourceTree = "<group>";
		};
		11B0D943247354C200E5F08C /* API */ = {
			isa = PBXGroup;
			children = (
				11B0D953247361AF00E5F08C /* Models */,
				11B0D94C24735DA100E5F08C /* Requests */,
				11B0D95A24736DEE00E5F08C /* Responses */,
				11B0D948247359AF00E5F08C /* Endpoints */,
				11B0D9442473558C00E5F08C /* PayPalAPI.h */,
				11B0D9452473558C00E5F08C /* PayPalAPI.m */,
			);
			path = API;
			sourceTree = "<group>";
		};
		11B0D948247359AF00E5F08C /* Endpoints */ = {
			isa = PBXGroup;
			children = (
				11B0D949247359C300E5F08C /* FetchAccessTokenEndpoint.h */,
				11B0D94A247359C300E5F08C /* FetchAccessTokenEndpoint.m */,
				11660D31247450AA002A36F6 /* CreateOrderEndpoint.h */,
				11660D32247450AA002A36F6 /* CreateOrderEndpoint.m */,
			);
			path = Endpoints;
			sourceTree = "<group>";
		};
		11B0D94C24735DA100E5F08C /* Requests */ = {
			isa = PBXGroup;
			children = (
				11B0D94D24735DAE00E5F08C /* FetchAccessTokenRequest.h */,
				11B0D94E24735DAE00E5F08C /* FetchAccessTokenRequest.m */,
				11B0D9502473616F00E5F08C /* CreateOrderRequest.h */,
				11B0D9512473616F00E5F08C /* CreateOrderRequest.m */,
			);
			path = Requests;
			sourceTree = "<group>";
		};
		11B0D953247361AF00E5F08C /* Models */ = {
			isa = PBXGroup;
			children = (
				11B0D9572473627E00E5F08C /* PurchaseUnit.h */,
				11B0D9582473627E00E5F08C /* PurchaseUnit.m */,
				11660D2724744B27002A36F6 /* Amount.h */,
				11660D2824744B27002A36F6 /* Amount.m */,
				11660D2E24744D0A002A36F6 /* NSString+CurrencyCodes.h */,
				11660D2F24744D0A002A36F6 /* NSString+CurrencyCodes.m */,
				11660D372474528C002A36F6 /* Link.h */,
				11660D382474528C002A36F6 /* Link.m */,
			);
			path = Models;
			sourceTree = "<group>";
		};
		11B0D95A24736DEE00E5F08C /* Responses */ = {
			isa = PBXGroup;
			children = (
				11B0D95B24736DFE00E5F08C /* AccessTokenResponse.h */,
				11B0D95C24736DFE00E5F08C /* AccessTokenResponse.m */,
				11660D3424745216002A36F6 /* CreateOrderResponse.h */,
				11660D3524745216002A36F6 /* CreateOrderResponse.m */,
			);
			path = Responses;
			sourceTree = "<group>";
		};
		33A27C84E7CC7B9085D00A2C /* Pods */ = {
			isa = PBXGroup;
			children = (
				DB14453A4019C1154E99838C /* Pods-PayPalCheckout-Samples-iOS.debug.xcconfig */,
				2CBA356B173FA8308DF75D9C /* Pods-PayPalCheckout-Samples-iOS.release.xcconfig */,
				66342550E6B085416FB938DC /* Pods-PayPalCheckout-Samples-iOS-Objc.debug.xcconfig */,
				1C648E7044BED546A0451B03 /* Pods-PayPalCheckout-Samples-iOS-Objc.release.xcconfig */,
			);
			path = Pods;
			sourceTree = "<group>";
		};
		848FA60AB198F53333C4F106 /* Frameworks */ = {
			isa = PBXGroup;
			children = (
				82F0C8AEC242CDBB78658CD9 /* Pods_PayPalCheckout_Samples_iOS.framework */,
				CB3ADD5E457C8D04F331483C /* Pods_PayPalCheckout_Samples_iOS_Objc.framework */,
			);
			name = Frameworks;
			sourceTree = "<group>";
		};
/* End PBXGroup section */

/* Begin PBXNativeTarget section */
		11944FC82465E8FF00A44A07 /* PayPalCheckout-Samples-iOS */ = {
			isa = PBXNativeTarget;
			buildConfigurationList = 11944FDD2465E90100A44A07 /* Build configuration list for PBXNativeTarget "PayPalCheckout-Samples-iOS" */;
			buildPhases = (
				345BDD0BCE4EEAE636047E53 /* [CP] Check Pods Manifest.lock */,
				11944FC52465E8FF00A44A07 /* Sources */,
				11944FC62465E8FF00A44A07 /* Frameworks */,
				11944FC72465E8FF00A44A07 /* Resources */,
				114846F4247259FC0056F146 /* CopyFiles */,
				C19EC7B9C57988F896097BCE /* [CP] Embed Pods Frameworks */,
			);
			buildRules = (
			);
			dependencies = (
			);
			name = "PayPalCheckout-Samples-iOS";
			productName = "PayPalCheckout-Samples-iOS";
			productReference = 11944FC92465E8FF00A44A07 /* PayPalCheckout-Samples-iOS.app */;
			productType = "com.apple.product-type.application";
		};
		11B0D924247352EF00E5F08C /* PayPalCheckout-Samples-iOS-Objc */ = {
			isa = PBXNativeTarget;
			buildConfigurationList = 11B0D93B247352F000E5F08C /* Build configuration list for PBXNativeTarget "PayPalCheckout-Samples-iOS-Objc" */;
			buildPhases = (
				D46852F1ED428017494BD973 /* [CP] Check Pods Manifest.lock */,
				11B0D921247352EF00E5F08C /* Sources */,
				11B0D922247352EF00E5F08C /* Frameworks */,
				11B0D923247352EF00E5F08C /* Resources */,
				AF209A5442881FB85B1A76DD /* [CP] Embed Pods Frameworks */,
				11B0D9402473549D00E5F08C /* Embed Frameworks */,
			);
			buildRules = (
			);
			dependencies = (
			);
			name = "PayPalCheckout-Samples-iOS-Objc";
			productName = "PayPalCheckout-Samples-iOS-Objc";
			productReference = 11B0D925247352EF00E5F08C /* PayPalCheckout-Samples-iOS-Objc.app */;
			productType = "com.apple.product-type.application";
		};
/* End PBXNativeTarget section */

/* Begin PBXProject section */
		11944FC12465E8FF00A44A07 /* Project object */ = {
			isa = PBXProject;
			attributes = {
				LastSwiftUpdateCheck = 1100;
				LastUpgradeCheck = 1100;
				ORGANIZATIONNAME = PayPal;
				TargetAttributes = {
					11944FC82465E8FF00A44A07 = {
						CreatedOnToolsVersion = 11.0;
						LastSwiftMigration = 1100;
					};
					11B0D924247352EF00E5F08C = {
						CreatedOnToolsVersion = 11.0;
						LastSwiftMigration = 1100;
					};
				};
			};
			buildConfigurationList = 11944FC42465E8FF00A44A07 /* Build configuration list for PBXProject "PayPalCheckout-Samples-iOS" */;
			compatibilityVersion = "Xcode 9.3";
			developmentRegion = en;
			hasScannedForEncodings = 0;
			knownRegions = (
				en,
				Base,
			);
			mainGroup = 11944FC02465E8FF00A44A07;
			productRefGroup = 11944FCA2465E8FF00A44A07 /* Products */;
			projectDirPath = "";
			projectRoot = "";
			targets = (
				11944FC82465E8FF00A44A07 /* PayPalCheckout-Samples-iOS */,
				11B0D924247352EF00E5F08C /* PayPalCheckout-Samples-iOS-Objc */,
			);
		};
/* End PBXProject section */

/* Begin PBXResourcesBuildPhase section */
		11944FC72465E8FF00A44A07 /* Resources */ = {
			isa = PBXResourcesBuildPhase;
			buildActionMask = 2147483647;
			files = (
				11944FD92465E90100A44A07 /* LaunchScreen.storyboard in Resources */,
				11944FD62465E90100A44A07 /* Assets.xcassets in Resources */,
				11944FD42465E8FF00A44A07 /* Main.storyboard in Resources */,
			);
			runOnlyForDeploymentPostprocessing = 0;
		};
		11B0D923247352EF00E5F08C /* Resources */ = {
			isa = PBXResourcesBuildPhase;
			buildActionMask = 2147483647;
			files = (
				11B0D937247352F000E5F08C /* LaunchScreen.storyboard in Resources */,
				11B0D934247352F000E5F08C /* Assets.xcassets in Resources */,
				11B0D932247352EF00E5F08C /* Main.storyboard in Resources */,
			);
			runOnlyForDeploymentPostprocessing = 0;
		};
/* End PBXResourcesBuildPhase section */

/* Begin PBXShellScriptBuildPhase section */
		345BDD0BCE4EEAE636047E53 /* [CP] Check Pods Manifest.lock */ = {
			isa = PBXShellScriptBuildPhase;
			buildActionMask = 2147483647;
			files = (
			);
			inputFileListPaths = (
			);
			inputPaths = (
				"${PODS_PODFILE_DIR_PATH}/Podfile.lock",
				"${PODS_ROOT}/Manifest.lock",
			);
			name = "[CP] Check Pods Manifest.lock";
			outputFileListPaths = (
			);
			outputPaths = (
				"$(DERIVED_FILE_DIR)/Pods-PayPalCheckout-Samples-iOS-checkManifestLockResult.txt",
			);
			runOnlyForDeploymentPostprocessing = 0;
			shellPath = /bin/sh;
			shellScript = "diff \"${PODS_PODFILE_DIR_PATH}/Podfile.lock\" \"${PODS_ROOT}/Manifest.lock\" > /dev/null\nif [ $? != 0 ] ; then\n    # print error to STDERR\n    echo \"error: The sandbox is not in sync with the Podfile.lock. Run 'pod install' or update your CocoaPods installation.\" >&2\n    exit 1\nfi\n# This output is used by Xcode 'outputs' to avoid re-running this script phase.\necho \"SUCCESS\" > \"${SCRIPT_OUTPUT_FILE_0}\"\n";
			showEnvVarsInLog = 0;
		};
		AF209A5442881FB85B1A76DD /* [CP] Embed Pods Frameworks */ = {
			isa = PBXShellScriptBuildPhase;
			buildActionMask = 2147483647;
			files = (
			);
			inputFileListPaths = (
				"${PODS_ROOT}/Target Support Files/Pods-PayPalCheckout-Samples-iOS-Objc/Pods-PayPalCheckout-Samples-iOS-Objc-frameworks-${CONFIGURATION}-input-files.xcfilelist",
			);
			name = "[CP] Embed Pods Frameworks";
			outputFileListPaths = (
				"${PODS_ROOT}/Target Support Files/Pods-PayPalCheckout-Samples-iOS-Objc/Pods-PayPalCheckout-Samples-iOS-Objc-frameworks-${CONFIGURATION}-output-files.xcfilelist",
			);
			runOnlyForDeploymentPostprocessing = 0;
			shellPath = /bin/sh;
			shellScript = "\"${PODS_ROOT}/Target Support Files/Pods-PayPalCheckout-Samples-iOS-Objc/Pods-PayPalCheckout-Samples-iOS-Objc-frameworks.sh\"\n";
			showEnvVarsInLog = 0;
		};
		C19EC7B9C57988F896097BCE /* [CP] Embed Pods Frameworks */ = {
			isa = PBXShellScriptBuildPhase;
			buildActionMask = 2147483647;
			files = (
			);
			inputFileListPaths = (
				"${PODS_ROOT}/Target Support Files/Pods-PayPalCheckout-Samples-iOS/Pods-PayPalCheckout-Samples-iOS-frameworks-${CONFIGURATION}-input-files.xcfilelist",
			);
			name = "[CP] Embed Pods Frameworks";
			outputFileListPaths = (
				"${PODS_ROOT}/Target Support Files/Pods-PayPalCheckout-Samples-iOS/Pods-PayPalCheckout-Samples-iOS-frameworks-${CONFIGURATION}-output-files.xcfilelist",
			);
			runOnlyForDeploymentPostprocessing = 0;
			shellPath = /bin/sh;
			shellScript = "\"${PODS_ROOT}/Target Support Files/Pods-PayPalCheckout-Samples-iOS/Pods-PayPalCheckout-Samples-iOS-frameworks.sh\"\n";
			showEnvVarsInLog = 0;
		};
		D46852F1ED428017494BD973 /* [CP] Check Pods Manifest.lock */ = {
			isa = PBXShellScriptBuildPhase;
			buildActionMask = 2147483647;
			files = (
			);
			inputFileListPaths = (
			);
			inputPaths = (
				"${PODS_PODFILE_DIR_PATH}/Podfile.lock",
				"${PODS_ROOT}/Manifest.lock",
			);
			name = "[CP] Check Pods Manifest.lock";
			outputFileListPaths = (
			);
			outputPaths = (
				"$(DERIVED_FILE_DIR)/Pods-PayPalCheckout-Samples-iOS-Objc-checkManifestLockResult.txt",
			);
			runOnlyForDeploymentPostprocessing = 0;
			shellPath = /bin/sh;
			shellScript = "diff \"${PODS_PODFILE_DIR_PATH}/Podfile.lock\" \"${PODS_ROOT}/Manifest.lock\" > /dev/null\nif [ $? != 0 ] ; then\n    # print error to STDERR\n    echo \"error: The sandbox is not in sync with the Podfile.lock. Run 'pod install' or update your CocoaPods installation.\" >&2\n    exit 1\nfi\n# This output is used by Xcode 'outputs' to avoid re-running this script phase.\necho \"SUCCESS\" > \"${SCRIPT_OUTPUT_FILE_0}\"\n";
			showEnvVarsInLog = 0;
		};
/* End PBXShellScriptBuildPhase section */

/* Begin PBXSourcesBuildPhase section */
		11944FC52465E8FF00A44A07 /* Sources */ = {
			isa = PBXSourcesBuildPhase;
			buildActionMask = 2147483647;
			files = (
				1148470124725EFC0056F146 /* PayPal.API.swift in Sources */,
				11B0D911247325B100E5F08C /* CreateOrder.Request.swift in Sources */,
				11944FD12465E8FF00A44A07 /* ViewController.swift in Sources */,
				11B0D90F247325A400E5F08C /* Order.Models.swift in Sources */,
				11944FCD2465E8FF00A44A07 /* AppDelegate.swift in Sources */,
				11B0D91324732B1E00E5F08C /* CreateOrder.Response.swift in Sources */,
				114847062473181B0056F146 /* AccessToken.Request.swift in Sources */,
				11944FCF2465E8FF00A44A07 /* SceneDelegate.swift in Sources */,
				11B0D90624731B8E00E5F08C /* AccessToken.Response.swift in Sources */,
			);
			runOnlyForDeploymentPostprocessing = 0;
		};
		11B0D921247352EF00E5F08C /* Sources */ = {
			isa = PBXSourcesBuildPhase;
			buildActionMask = 2147483647;
			files = (
				11660D2924744B27002A36F6 /* Amount.m in Sources */,
				11B0D9522473616F00E5F08C /* CreateOrderRequest.m in Sources */,
				11B0D9592473627E00E5F08C /* PurchaseUnit.m in Sources */,
				11B0D92F247352EF00E5F08C /* ViewController.m in Sources */,
				11B0D94F24735DAE00E5F08C /* FetchAccessTokenRequest.m in Sources */,
				11B0D95D24736DFE00E5F08C /* AccessTokenResponse.m in Sources */,
				11B0D929247352EF00E5F08C /* AppDelegate.m in Sources */,
				11660D3024744D0A002A36F6 /* NSString+CurrencyCodes.m in Sources */,
				11B0D93A247352F000E5F08C /* main.m in Sources */,
				11660D3624745216002A36F6 /* CreateOrderResponse.m in Sources */,
				11660D392474528C002A36F6 /* Link.m in Sources */,
				11B0D94B247359C300E5F08C /* FetchAccessTokenEndpoint.m in Sources */,
				11660D33247450AA002A36F6 /* CreateOrderEndpoint.m in Sources */,
				11B0D9462473558C00E5F08C /* PayPalAPI.m in Sources */,
				11B0D92C247352EF00E5F08C /* SceneDelegate.m in Sources */,
			);
			runOnlyForDeploymentPostprocessing = 0;
		};
/* End PBXSourcesBuildPhase section */

/* Begin PBXVariantGroup section */
		11944FD22465E8FF00A44A07 /* Main.storyboard */ = {
			isa = PBXVariantGroup;
			children = (
				11944FD32465E8FF00A44A07 /* Base */,
			);
			name = Main.storyboard;
			sourceTree = "<group>";
		};
		11944FD72465E90100A44A07 /* LaunchScreen.storyboard */ = {
			isa = PBXVariantGroup;
			children = (
				11944FD82465E90100A44A07 /* Base */,
			);
			name = LaunchScreen.storyboard;
			sourceTree = "<group>";
		};
		11B0D930247352EF00E5F08C /* Main.storyboard */ = {
			isa = PBXVariantGroup;
			children = (
				11B0D931247352EF00E5F08C /* Base */,
			);
			name = Main.storyboard;
			sourceTree = "<group>";
		};
		11B0D935247352F000E5F08C /* LaunchScreen.storyboard */ = {
			isa = PBXVariantGroup;
			children = (
				11B0D936247352F000E5F08C /* Base */,
			);
			name = LaunchScreen.storyboard;
			sourceTree = "<group>";
		};
/* End PBXVariantGroup section */

/* Begin XCBuildConfiguration section */
		11944FDB2465E90100A44A07 /* Debug */ = {
			isa = XCBuildConfiguration;
			buildSettings = {
				ALWAYS_SEARCH_USER_PATHS = NO;
				CLANG_ANALYZER_NONNULL = YES;
				CLANG_ANALYZER_NUMBER_OBJECT_CONVERSION = YES_AGGRESSIVE;
				CLANG_CXX_LANGUAGE_STANDARD = "gnu++14";
				CLANG_CXX_LIBRARY = "libc++";
				CLANG_ENABLE_MODULES = YES;
				CLANG_ENABLE_OBJC_ARC = YES;
				CLANG_ENABLE_OBJC_WEAK = YES;
				CLANG_WARN_BLOCK_CAPTURE_AUTORELEASING = YES;
				CLANG_WARN_BOOL_CONVERSION = YES;
				CLANG_WARN_COMMA = YES;
				CLANG_WARN_CONSTANT_CONVERSION = YES;
				CLANG_WARN_DEPRECATED_OBJC_IMPLEMENTATIONS = YES;
				CLANG_WARN_DIRECT_OBJC_ISA_USAGE = YES_ERROR;
				CLANG_WARN_DOCUMENTATION_COMMENTS = YES;
				CLANG_WARN_EMPTY_BODY = YES;
				CLANG_WARN_ENUM_CONVERSION = YES;
				CLANG_WARN_INFINITE_RECURSION = YES;
				CLANG_WARN_INT_CONVERSION = YES;
				CLANG_WARN_NON_LITERAL_NULL_CONVERSION = YES;
				CLANG_WARN_OBJC_IMPLICIT_RETAIN_SELF = YES;
				CLANG_WARN_OBJC_LITERAL_CONVERSION = YES;
				CLANG_WARN_OBJC_ROOT_CLASS = YES_ERROR;
				CLANG_WARN_RANGE_LOOP_ANALYSIS = YES;
				CLANG_WARN_STRICT_PROTOTYPES = YES;
				CLANG_WARN_SUSPICIOUS_MOVE = YES;
				CLANG_WARN_UNGUARDED_AVAILABILITY = YES_AGGRESSIVE;
				CLANG_WARN_UNREACHABLE_CODE = YES;
				CLANG_WARN__DUPLICATE_METHOD_MATCH = YES;
				COPY_PHASE_STRIP = NO;
				DEBUG_INFORMATION_FORMAT = dwarf;
				ENABLE_STRICT_OBJC_MSGSEND = YES;
				ENABLE_TESTABILITY = YES;
				GCC_C_LANGUAGE_STANDARD = gnu11;
				GCC_DYNAMIC_NO_PIC = NO;
				GCC_NO_COMMON_BLOCKS = YES;
				GCC_OPTIMIZATION_LEVEL = 0;
				GCC_PREPROCESSOR_DEFINITIONS = (
					"DEBUG=1",
					"$(inherited)",
				);
				GCC_WARN_64_TO_32_BIT_CONVERSION = YES;
				GCC_WARN_ABOUT_RETURN_TYPE = YES_ERROR;
				GCC_WARN_UNDECLARED_SELECTOR = YES;
				GCC_WARN_UNINITIALIZED_AUTOS = YES_AGGRESSIVE;
				GCC_WARN_UNUSED_FUNCTION = YES;
				GCC_WARN_UNUSED_VARIABLE = YES;
				IPHONEOS_DEPLOYMENT_TARGET = 13.0;
				MTL_ENABLE_DEBUG_INFO = INCLUDE_SOURCE;
				MTL_FAST_MATH = YES;
				ONLY_ACTIVE_ARCH = YES;
				SDKROOT = iphoneos;
				SWIFT_ACTIVE_COMPILATION_CONDITIONS = DEBUG;
				SWIFT_OPTIMIZATION_LEVEL = "-Onone";
			};
			name = Debug;
		};
		11944FDC2465E90100A44A07 /* Release */ = {
			isa = XCBuildConfiguration;
			buildSettings = {
				ALWAYS_SEARCH_USER_PATHS = NO;
				CLANG_ANALYZER_NONNULL = YES;
				CLANG_ANALYZER_NUMBER_OBJECT_CONVERSION = YES_AGGRESSIVE;
				CLANG_CXX_LANGUAGE_STANDARD = "gnu++14";
				CLANG_CXX_LIBRARY = "libc++";
				CLANG_ENABLE_MODULES = YES;
				CLANG_ENABLE_OBJC_ARC = YES;
				CLANG_ENABLE_OBJC_WEAK = YES;
				CLANG_WARN_BLOCK_CAPTURE_AUTORELEASING = YES;
				CLANG_WARN_BOOL_CONVERSION = YES;
				CLANG_WARN_COMMA = YES;
				CLANG_WARN_CONSTANT_CONVERSION = YES;
				CLANG_WARN_DEPRECATED_OBJC_IMPLEMENTATIONS = YES;
				CLANG_WARN_DIRECT_OBJC_ISA_USAGE = YES_ERROR;
				CLANG_WARN_DOCUMENTATION_COMMENTS = YES;
				CLANG_WARN_EMPTY_BODY = YES;
				CLANG_WARN_ENUM_CONVERSION = YES;
				CLANG_WARN_INFINITE_RECURSION = YES;
				CLANG_WARN_INT_CONVERSION = YES;
				CLANG_WARN_NON_LITERAL_NULL_CONVERSION = YES;
				CLANG_WARN_OBJC_IMPLICIT_RETAIN_SELF = YES;
				CLANG_WARN_OBJC_LITERAL_CONVERSION = YES;
				CLANG_WARN_OBJC_ROOT_CLASS = YES_ERROR;
				CLANG_WARN_RANGE_LOOP_ANALYSIS = YES;
				CLANG_WARN_STRICT_PROTOTYPES = YES;
				CLANG_WARN_SUSPICIOUS_MOVE = YES;
				CLANG_WARN_UNGUARDED_AVAILABILITY = YES_AGGRESSIVE;
				CLANG_WARN_UNREACHABLE_CODE = YES;
				CLANG_WARN__DUPLICATE_METHOD_MATCH = YES;
				COPY_PHASE_STRIP = NO;
				DEBUG_INFORMATION_FORMAT = "dwarf-with-dsym";
				ENABLE_NS_ASSERTIONS = NO;
				ENABLE_STRICT_OBJC_MSGSEND = YES;
				GCC_C_LANGUAGE_STANDARD = gnu11;
				GCC_NO_COMMON_BLOCKS = YES;
				GCC_WARN_64_TO_32_BIT_CONVERSION = YES;
				GCC_WARN_ABOUT_RETURN_TYPE = YES_ERROR;
				GCC_WARN_UNDECLARED_SELECTOR = YES;
				GCC_WARN_UNINITIALIZED_AUTOS = YES_AGGRESSIVE;
				GCC_WARN_UNUSED_FUNCTION = YES;
				GCC_WARN_UNUSED_VARIABLE = YES;
				IPHONEOS_DEPLOYMENT_TARGET = 13.0;
				MTL_ENABLE_DEBUG_INFO = NO;
				MTL_FAST_MATH = YES;
				SDKROOT = iphoneos;
				SWIFT_COMPILATION_MODE = wholemodule;
				SWIFT_OPTIMIZATION_LEVEL = "-O";
				VALIDATE_PRODUCT = YES;
			};
			name = Release;
		};
		11944FDE2465E90100A44A07 /* Debug */ = {
			isa = XCBuildConfiguration;
			baseConfigurationReference = DB14453A4019C1154E99838C /* Pods-PayPalCheckout-Samples-iOS.debug.xcconfig */;
			buildSettings = {
				ASSETCATALOG_COMPILER_APPICON_NAME = AppIcon;
				CLANG_ENABLE_MODULES = YES;
				CODE_SIGN_STYLE = Automatic;
				DEFINES_MODULE = YES;
				DEVELOPMENT_TEAM = 727K56WV67;
				ENABLE_BITCODE = NO;
				FRAMEWORK_SEARCH_PATHS = (
					"$(inherited)",
					"$(PROJECT_DIR)/Carthage/Build/iOS/**",
					"$(PROJECT_DIR)/Carthage/Build/iOS",
					"$(PROJECT_DIR)",
					"$(PROJECT_DIR)/PayPalCheckout-Samples-iOS",
				);
				HEADER_SEARCH_PATHS = "$(PROJECT_DIR)/Carthage/Build/iOS/**";
				INFOPLIST_FILE = "PayPalCheckout-Samples-iOS/Info.plist";
				LD_RUNPATH_SEARCH_PATHS = (
					"$(inherited)",
					"@executable_path/Frameworks",
				);
				PRODUCT_BUNDLE_IDENTIFIER = "com.paypal.ppclient-development.PayPalCheckout-Samples-iOS";
				PRODUCT_NAME = "$(TARGET_NAME)";
				SWIFT_OPTIMIZATION_LEVEL = "-Onone";
				SWIFT_VERSION = 5.0;
				TARGETED_DEVICE_FAMILY = "1,2";
			};
			name = Debug;
		};
		11944FDF2465E90100A44A07 /* Release */ = {
			isa = XCBuildConfiguration;
			baseConfigurationReference = 2CBA356B173FA8308DF75D9C /* Pods-PayPalCheckout-Samples-iOS.release.xcconfig */;
			buildSettings = {
				ASSETCATALOG_COMPILER_APPICON_NAME = AppIcon;
				CLANG_ENABLE_MODULES = YES;
				CODE_SIGN_STYLE = Automatic;
				DEFINES_MODULE = YES;
				DEVELOPMENT_TEAM = 727K56WV67;
				ENABLE_BITCODE = NO;
				FRAMEWORK_SEARCH_PATHS = (
					"$(inherited)",
					"$(PROJECT_DIR)/Carthage/Build/iOS/**",
					"$(PROJECT_DIR)/Carthage/Build/iOS",
					"$(PROJECT_DIR)",
					"$(PROJECT_DIR)/PayPalCheckout-Samples-iOS",
					"$(PROJECT_DIR)/Carthage/Build/iOS/PayPalCheckout.framework/Frameworks/**/**",
				);
				HEADER_SEARCH_PATHS = "$(PROJECT_DIR)/Carthage/Build/iOS/**";
				INFOPLIST_FILE = "PayPalCheckout-Samples-iOS/Info.plist";
				LD_RUNPATH_SEARCH_PATHS = (
					"$(inherited)",
					"@executable_path/Frameworks",
				);
				PRODUCT_BUNDLE_IDENTIFIER = "com.paypal.ppclient-development.PayPalCheckout-Samples-iOS";
				PRODUCT_NAME = "$(TARGET_NAME)";
				SWIFT_VERSION = 5.0;
				TARGETED_DEVICE_FAMILY = "1,2";
			};
			name = Release;
		};
		11B0D93C247352F000E5F08C /* Debug */ = {
			isa = XCBuildConfiguration;
			baseConfigurationReference = 66342550E6B085416FB938DC /* Pods-PayPalCheckout-Samples-iOS-Objc.debug.xcconfig */;
			buildSettings = {
				APPLY_RULES_IN_COPY_HEADERS = YES;
				ASSETCATALOG_COMPILER_APPICON_NAME = AppIcon;
				CLANG_ALLOW_NON_MODULAR_INCLUDES_IN_FRAMEWORK_MODULES = NO;
				CLANG_ENABLE_MODULES = YES;
				CODE_SIGN_STYLE = Automatic;
				DEFINES_MODULE = NO;
				DEVELOPMENT_TEAM = 727K56WV67;
				FRAMEWORK_SEARCH_PATHS = (
					"$(inherited)",
					"$(PROJECT_DIR)/Carthage/Build/iOS",
					"$(PROJECT_DIR)/Carthage/Build/iOS/**",
					"$(PROJECT_DIR)/Dependencies",
				);
				HEADER_SEARCH_PATHS = (
					"$(inherited)",
					"\"${PODS_CONFIGURATION_BUILD_DIR}/Braintree/Braintree.framework/Headers\"",
					"$(PROJECT_DIR)/Carthage/Build/iOS/**",
				);
				INFOPLIST_FILE = "PayPalCheckout-Samples-iOS-Objc/Info.plist";
				IPHONEOS_DEPLOYMENT_TARGET = 10.0;
				LD_RUNPATH_SEARCH_PATHS = (
					"$(inherited)",
					"@executable_path/Frameworks",
				);
				PRODUCT_BUNDLE_IDENTIFIER = "com.paypal.ppclient-development.PayPalCheckout-Samples-iOS-Objc";
				PRODUCT_NAME = "$(TARGET_NAME)";
				SWIFT_OPTIMIZATION_LEVEL = "-Onone";
				SWIFT_VERSION = 5.0;
				TARGETED_DEVICE_FAMILY = "1,2";
			};
			name = Debug;
		};
		11B0D93D247352F000E5F08C /* Release */ = {
			isa = XCBuildConfiguration;
			baseConfigurationReference = 1C648E7044BED546A0451B03 /* Pods-PayPalCheckout-Samples-iOS-Objc.release.xcconfig */;
			buildSettings = {
				APPLY_RULES_IN_COPY_HEADERS = YES;
				ASSETCATALOG_COMPILER_APPICON_NAME = AppIcon;
				CLANG_ALLOW_NON_MODULAR_INCLUDES_IN_FRAMEWORK_MODULES = NO;
				CLANG_ENABLE_MODULES = YES;
				CODE_SIGN_STYLE = Automatic;
				DEFINES_MODULE = NO;
				DEVELOPMENT_TEAM = 727K56WV67;
				FRAMEWORK_SEARCH_PATHS = (
					"$(inherited)",
					"$(PROJECT_DIR)/Carthage/Build/iOS",
				);
				HEADER_SEARCH_PATHS = (
					"$(inherited)",
					"\"${PODS_CONFIGURATION_BUILD_DIR}/Braintree/Braintree.framework/Headers\"",
					"$(PROJECT_DIR)/Carthage/Build/iOS",
				);
				INFOPLIST_FILE = "PayPalCheckout-Samples-iOS-Objc/Info.plist";
				IPHONEOS_DEPLOYMENT_TARGET = 10.0;
				LD_RUNPATH_SEARCH_PATHS = (
					"$(inherited)",
					"@executable_path/Frameworks",
				);
				PRODUCT_BUNDLE_IDENTIFIER = "com.paypal.ppclient-development.PayPalCheckout-Samples-iOS-Objc";
				PRODUCT_NAME = "$(TARGET_NAME)";
				SWIFT_VERSION = 5.0;
				TARGETED_DEVICE_FAMILY = "1,2";
			};
			name = Release;
		};
/* End XCBuildConfiguration section */

/* Begin XCConfigurationList section */
		11944FC42465E8FF00A44A07 /* Build configuration list for PBXProject "PayPalCheckout-Samples-iOS" */ = {
			isa = XCConfigurationList;
			buildConfigurations = (
				11944FDB2465E90100A44A07 /* Debug */,
				11944FDC2465E90100A44A07 /* Release */,
			);
			defaultConfigurationIsVisible = 0;
			defaultConfigurationName = Release;
		};
		11944FDD2465E90100A44A07 /* Build configuration list for PBXNativeTarget "PayPalCheckout-Samples-iOS" */ = {
			isa = XCConfigurationList;
			buildConfigurations = (
				11944FDE2465E90100A44A07 /* Debug */,
				11944FDF2465E90100A44A07 /* Release */,
			);
			defaultConfigurationIsVisible = 0;
			defaultConfigurationName = Release;
		};
		11B0D93B247352F000E5F08C /* Build configuration list for PBXNativeTarget "PayPalCheckout-Samples-iOS-Objc" */ = {
			isa = XCConfigurationList;
			buildConfigurations = (
				11B0D93C247352F000E5F08C /* Debug */,
				11B0D93D247352F000E5F08C /* Release */,
			);
			defaultConfigurationIsVisible = 0;
			defaultConfigurationName = Release;
		};
/* End XCConfigurationList section */
	};
	rootObject = 11944FC12465E8FF00A44A07 /* Project object */;
}
